
Microsoft Visual Studio Solution File, Format Version 12.00
# Visual Studio Version 17
VisualStudioVersion = 17.3.32929.385
MinimumVisualStudioVersion = 10.0.40219.1
Project("{FAE04EC0-301F-11D3-BF4B-00C04F79EFBC}") = "YARM.FileSupport", "YARM.FileSupport\YARM.FileSupport.csproj", "{95CEB207-233A-4145-9CBA-1B6C19E31D3C}"
EndProject
Global
	GlobalSection(SolutionConfigurationPlatforms) = preSolution
		Debug|Any CPU = Debug|Any CPU
		Release|Any CPU = Release|Any CPU
	EndGlobalSection
	GlobalSection(ProjectConfigurationPlatforms) = postSolution
		{95CEB207-233A-4145-9CBA-1B6C19E31D3C}.Debug|Any CPU.ActiveCfg = Debug|Any CPU
		{95CEB207-233A-4145-9CBA-1B6C19E31D3C}.Debug|Any CPU.Build.0 = Debug|Any CPU
		{95CEB207-233A-4145-9CBA-1B6C19E31D3C}.Release|Any CPU.ActiveCfg = Release|Any CPU
		{95CEB207-233A-4145-9CBA-1B6C19E31D3C}.Release|Any CPU.Build.0 = Release|Any CPU
	EndGlobalSection
	GlobalSection(SolutionProperties) = preSolution
		HideSolutionNode = FALSE
	EndGlobalSection
	GlobalSection(ExtensibilityGlobals) = postSolution
		SolutionGuid = {0D0708D3-5A96-4D1B-B43E-6FBC71BB4CD1}
	EndGlobalSection
EndGlobal
